#MicroXplorer Configuration settings - do not modify
ADC1.BoostMode=ENABLE
ADC1.Channel-10\#ChannelRegularConversion=ADC_CHANNEL_10
ADC1.Channel-11\#ChannelRegularConversion=ADC_CHANNEL_11
ADC1.Channel-8\#ChannelRegularConversion=ADC_CHANNEL_8
ADC1.Channel-9\#ChannelRegularConversion=ADC_CHANNEL_9
ADC1.ClockPrescaler=ADC_CLOCK_ASYNC_DIV4
ADC1.ContinuousConvMode=DISABLE
ADC1.ConversionDataManagement=ADC_CONVERSIONDATA_DR
ADC1.DMAContinuousRequests=DISABLE
ADC1.DiscontinuousConvMode=DISABLE
ADC1.EOCSelection=ADC_EOC_SINGLE_CONV
ADC1.EnableAnalogWatchDog1=false
ADC1.EnableAnalogWatchDog2=false
ADC1.EnableAnalogWatchDog3=false
ADC1.EnableInjectedConversion=DISABLE
ADC1.EnableRegularConversion=ENABLE
ADC1.ExternalTrigConv=ADC_SOFTWARE_START
ADC1.ExternalTrigConvEdge=ADC_EXTERNALTRIGCONVEDGE_NONE
ADC1.IPParameters=Rank-8\#ChannelRegularConversion,Channel-8\#ChannelRegularConversion,SamplingTime-8\#ChannelRegularConversion,OffsetNumber-8\#ChannelRegularConversion,NbrOfConversionFlag,ClockPrescaler,Resolution,ScanConvMode,ContinuousConvMode,DiscontinuousConvMode,DMAContinuousRequests,EOCSelection,Overrun,BoostMode,ConversionDataManagement,LowPowerAutoWait,EnableRegularConversion,LeftBitShift,OversamplingMode,NbrOfConversion,ExternalTrigConv,ExternalTrigConvEdge,EnableInjectedConversion,EnableAnalogWatchDog1,EnableAnalogWatchDog2,EnableAnalogWatchDog3,master,Rank-9\#ChannelRegularConversion,Channel-9\#ChannelRegularConversion,SamplingTime-9\#ChannelRegularConversion,OffsetNumber-9\#ChannelRegularConversion,Rank-10\#ChannelRegularConversion,Channel-10\#ChannelRegularConversion,SamplingTime-10\#ChannelRegularConversion,OffsetNumber-10\#ChannelRegularConversion,Rank-11\#ChannelRegularConversion,Channel-11\#ChannelRegularConversion,SamplingTime-11\#ChannelRegularConversion,OffsetNumber-11\#ChannelRegularConversion
ADC1.LeftBitShift=ADC_LEFTBITSHIFT_NONE
ADC1.LowPowerAutoWait=DISABLE
ADC1.NbrOfConversion=4
ADC1.NbrOfConversionFlag=1
ADC1.OffsetNumber-10\#ChannelRegularConversion=ADC_OFFSET_NONE
ADC1.OffsetNumber-11\#ChannelRegularConversion=ADC_OFFSET_NONE
ADC1.OffsetNumber-8\#ChannelRegularConversion=ADC_OFFSET_NONE
ADC1.OffsetNumber-9\#ChannelRegularConversion=ADC_OFFSET_NONE
ADC1.Overrun=ADC_OVR_DATA_PRESERVED
ADC1.OversamplingMode=DISABLE
ADC1.Rank-10\#ChannelRegularConversion=3
ADC1.Rank-11\#ChannelRegularConversion=4
ADC1.Rank-8\#ChannelRegularConversion=1
ADC1.Rank-9\#ChannelRegularConversion=2
ADC1.Resolution=ADC_RESOLUTION_16B
ADC1.SamplingTime-10\#ChannelRegularConversion=ADC_SAMPLETIME_1CYCLE_5
ADC1.SamplingTime-11\#ChannelRegularConversion=ADC_SAMPLETIME_1CYCLE_5
ADC1.SamplingTime-8\#ChannelRegularConversion=ADC_SAMPLETIME_1CYCLE_5
ADC1.SamplingTime-9\#ChannelRegularConversion=ADC_SAMPLETIME_1CYCLE_5
ADC1.ScanConvMode=ADC_SCAN_ENABLE
ADC1.master=1
File.Version=6
KeepUserPlacement=true
Mcu.Family=STM32H7
Mcu.IP0=ADC1
Mcu.IP1=CORTEX_M7
Mcu.IP10=TIM1
Mcu.IP11=TIM2
Mcu.IP12=TIM3
Mcu.IP13=TIM4
Mcu.IP14=TIM8
Mcu.IP15=TIM15
Mcu.IP16=USART1
Mcu.IP2=I2C1
Mcu.IP3=I2C2
Mcu.IP4=I2C3
Mcu.IP5=I2C4
Mcu.IP6=NVIC
Mcu.IP7=RCC
Mcu.IP8=SPI3
Mcu.IP9=SYS
Mcu.IPNb=17
Mcu.Name=STM32H743VITx
Mcu.Package=LQFP100
Mcu.Pin0=PE5
Mcu.Pin1=PE6
Mcu.Pin10=PA4
Mcu.Pin11=PA5
Mcu.Pin12=PA7
Mcu.Pin13=PC5
Mcu.Pin14=PB0
Mcu.Pin15=PE8
Mcu.Pin16=PE9
Mcu.Pin17=PE10
Mcu.Pin18=PE11
Mcu.Pin19=PE12
Mcu.Pin2=PC13
Mcu.Pin20=PE13
Mcu.Pin21=PB10
Mcu.Pin22=PB11
Mcu.Pin23=PB14
Mcu.Pin24=PB15
Mcu.Pin25=PD11
Mcu.Pin26=PD12
Mcu.Pin27=PD13
Mcu.Pin28=PD14
Mcu.Pin29=PC6
Mcu.Pin3=PH0-OSC_IN
Mcu.Pin30=PC7
Mcu.Pin31=PC8
Mcu.Pin32=PC9
Mcu.Pin33=PA8
Mcu.Pin34=PA9
Mcu.Pin35=PA10
Mcu.Pin36=PA13
Mcu.Pin37=PA14
Mcu.Pin38=PA15
Mcu.Pin39=PC10
Mcu.Pin4=PH1-OSC_OUT
Mcu.Pin40=PC11
Mcu.Pin41=PC12
Mcu.Pin42=PD0
Mcu.Pin43=PD2
Mcu.Pin44=PD3
Mcu.Pin45=PD4
Mcu.Pin46=PD5
Mcu.Pin47=PD6
Mcu.Pin48=PD7
Mcu.Pin49=PB4
Mcu.Pin5=PC0
Mcu.Pin50=PB5
Mcu.Pin51=PB6
Mcu.Pin52=PB7
Mcu.Pin53=PB8
Mcu.Pin54=PB9
Mcu.Pin55=VP_SYS_VS_Systick
Mcu.Pin56=VP_TIM1_VS_ControllerModeTrigger
Mcu.Pin57=VP_TIM1_VS_ClockSourceITR
Mcu.Pin58=VP_TIM2_VS_ClockSourceINT
Mcu.Pin59=VP_TIM4_VS_ClockSourceINT
Mcu.Pin6=PC1
Mcu.Pin60=VP_TIM8_VS_ControllerModeTrigger
Mcu.Pin61=VP_TIM8_VS_ClockSourceITR
Mcu.Pin7=PA0-WKUP
Mcu.Pin8=PA1
Mcu.Pin9=PA2
Mcu.PinsNb=62
Mcu.ThirdPartyNb=0
Mcu.UserConstants=
Mcu.UserName=STM32H743VITx
MxCube.Version=4.25.0
MxDb.Version=DB.4.0.250
NVIC.BusFault_IRQn=true\:0\:0\:false\:false\:true\:false
NVIC.DebugMonitor_IRQn=true\:0\:0\:false\:false\:true\:false
NVIC.HardFault_IRQn=true\:0\:0\:false\:false\:true\:false
NVIC.MemoryManagement_IRQn=true\:0\:0\:false\:false\:true\:false
NVIC.NonMaskableInt_IRQn=true\:0\:0\:false\:false\:true\:false
NVIC.PendSV_IRQn=true\:0\:0\:false\:false\:true\:false
NVIC.PriorityGroup=NVIC_PRIORITYGROUP_4
NVIC.SVCall_IRQn=true\:0\:0\:false\:false\:true\:false
NVIC.SysTick_IRQn=true\:0\:0\:false\:false\:true\:false
NVIC.UsageFault_IRQn=true\:0\:0\:false\:false\:true\:false
PA0-WKUP.GPIOParameters=GPIO_Label
PA0-WKUP.GPIO_Label=MOT_G_HALL1
PA0-WKUP.Locked=true
PA0-WKUP.Signal=S_TIM2_CH1
PA1.GPIOParameters=GPIO_Label
PA1.GPIO_Label=MOT_G_HALL2
PA1.Locked=true
PA1.Signal=S_TIM2_CH2
PA10.GPIOParameters=GPIO_Label
PA10.GPIO_Label=BLUETOOTH_RX
PA10.Locked=true
PA10.Mode=Asynchronous
PA10.Signal=USART1_RX
PA13.Locked=true
PA13.Mode=Serial_Wire
PA13.Signal=SYS_JTMS-SWDIO
PA14.Locked=true
PA14.Mode=Serial_Wire
PA14.Signal=SYS_JTCK-SWCLK
PA15.GPIOParameters=GPIO_Label
PA15.GPIO_Label=GYRO_CS
PA15.Locked=true
PA15.Mode=NSS_Signal_Hard_Output
PA15.Signal=SPI3_NSS
PA2.GPIOParameters=GPIO_Label
PA2.GPIO_Label=MOT_G_HALL3
PA2.Locked=true
PA2.Signal=S_TIM2_CH3
PA4.GPIOParameters=GPIO_Label
PA4.GPIO_Label=LINE_IN_D1
PA4.Locked=true
PA4.Signal=ADCx_INP18
PA5.GPIOParameters=GPIO_Label
PA5.GPIO_Label=LINE_IN_D2
PA5.Locked=true
PA5.Signal=ADCx_INP19
PA7.GPIOParameters=GPIO_Label
PA7.GPIO_Label=MOT_D_EN1
PA7.Locked=true
PA7.Mode=Output Compare1 CH1 CH1N
PA7.Signal=TIM8_CH1N
PA8.GPIOParameters=GPIO_Label
PA8.GPIO_Label=TOF_D_SCL
PA8.Locked=true
PA8.Mode=I2C
PA8.Signal=I2C3_SCL
PA9.GPIOParameters=GPIO_Label
PA9.GPIO_Label=BLUETOOTH_TX
PA9.Locked=true
PA9.Mode=Asynchronous
PA9.Signal=USART1_TX
PB0.GPIOParameters=GPIO_Label
PB0.GPIO_Label=MOT_D_SENSE
PB0.Locked=true
PB0.Signal=ADCx_INP9
PB10.GPIOParameters=GPIO_Label
PB10.GPIO_Label=TOF_G_SCL
PB10.Locked=true
PB10.Mode=I2C
PB10.Signal=I2C2_SCL
PB11.GPIOParameters=GPIO_Label
PB11.GPIO_Label=TOF_G_SDA
PB11.Locked=true
PB11.Mode=I2C
PB11.Signal=I2C2_SDA
PB14.GPIOParameters=GPIO_Label
PB14.GPIO_Label=MOT_D_EN2
PB14.Locked=true
PB14.Mode=Output Compare2 CH2 CH2N
PB14.Signal=TIM8_CH2N
PB15.GPIOParameters=GPIO_Label
PB15.GPIO_Label=MOT_D_EN3
PB15.Locked=true
PB15.Mode=Output Compare3 CH3 CH3N
PB15.Signal=TIM8_CH3N
PB4.GPIOParameters=GPIO_Label
PB4.GPIO_Label=LINE_OUT_D2
PB4.Locked=true
PB4.Signal=S_TIM3_CH1
PB5.GPIOParameters=GPIO_Label
PB5.GPIO_Label=LINE_OUT_D1
PB5.Locked=true
PB5.Signal=S_TIM3_CH2
PB6.GPIOParameters=GPIO_Label
PB6.GPIO_Label=OLED_SCL
PB6.Locked=true
PB6.Mode=I2C
PB6.Signal=I2C1_SCL
PB7.GPIOParameters=GPIO_Label
PB7.GPIO_Label=OLED_SDA
PB7.Locked=true
PB7.Mode=I2C
PB7.Signal=I2C1_SDA
PB8.GPIOParameters=GPIO_Label
PB8.GPIO_Label=FUEL_GAUGE_SCL
PB8.Locked=true
PB8.Mode=SMBus-Alert-mode
PB8.Signal=I2C4_SCL
PB9.GPIOParameters=GPIO_Label
PB9.GPIO_Label=FUEL_GAUGE_SDA
PB9.Locked=true
PB9.Mode=SMBus-Alert-mode
PB9.Signal=I2C4_SDA
PC0.GPIOParameters=GPIO_Label
PC0.GPIO_Label=LINE_IN_G1
PC0.Locked=true
PC0.Signal=ADCx_INP10
PC1.GPIOParameters=GPIO_Label
PC1.GPIO_Label=LINE_IN_G2
PC1.Locked=true
PC1.Signal=ADCx_INP11
PC10.GPIOParameters=GPIO_Label
PC10.GPIO_Label=GYRO_SCK
PC10.Locked=true
PC10.Mode=Full_Duplex_Master
PC10.Signal=SPI3_SCK
PC11.GPIOParameters=GPIO_Label
PC11.GPIO_Label=GYRO_MISO
PC11.Locked=true
PC11.Mode=Full_Duplex_Master
PC11.Signal=SPI3_MISO
PC12.GPIOParameters=GPIO_Label
PC12.GPIO_Label=GYRO_MOSI
PC12.Locked=true
PC12.Mode=Full_Duplex_Master
PC12.Signal=SPI3_MOSI
PC13.GPIOParameters=GPIO_Label
PC13.GPIO_Label=WKUP
PC13.Locked=true
PC13.Mode=SYS_WakeUp2
PC13.Signal=SYS_WKUP2
PC5.GPIOParameters=GPIO_Label
PC5.GPIO_Label=MOT_G_SENSE
PC5.Locked=true
PC5.Signal=ADCx_INP8
PC6.GPIOParameters=GPIO_Label
PC6.GPIO_Label=MOT_D_IN1
PC6.Locked=true
PC6.Signal=S_TIM8_CH1
PC7.GPIOParameters=GPIO_Label
PC7.GPIO_Label=MOT_D_IN2
PC7.Locked=true
PC7.Signal=S_TIM8_CH2
PC8.GPIOParameters=GPIO_Label
PC8.GPIO_Label=MOT_D_IN3
PC8.Locked=true
PC8.Signal=S_TIM8_CH3
PC9.GPIOParameters=GPIO_Label
PC9.GPIO_Label=TOF_D_SDA
PC9.Locked=true
PC9.Mode=I2C
PC9.Signal=I2C3_SDA
PCC.Checker=false
PCC.Line=STM32H7x3
PCC.MCU=STM32H743VITx
PCC.PartNumber=STM32H743VITx
PCC.Seq0=0
PCC.Series=STM32H7
PCC.Temperature=25
PCC.Vdd=3.0
PD0.GPIOParameters=GPIO_Label
PD0.GPIO_Label=PW_KILL
PD0.Locked=true
PD0.Signal=GPIO_Output
PD11.GPIOParameters=GPIO_Label
PD11.GPIO_Label=FUEL_GAUGE_ALCC
PD11.Locked=true
PD11.Mode=SMBus-Alert-mode
PD11.Signal=I2C4_SMBA
PD12.GPIOParameters=GPIO_Label
PD12.GPIO_Label=MOT_D_HALL1
PD12.Locked=true
PD12.Signal=S_TIM4_CH1
PD13.GPIOParameters=GPIO_Label
PD13.GPIO_Label=MOT_D_HALL2
PD13.Locked=true
PD13.Signal=S_TIM4_CH2
PD14.GPIOParameters=GPIO_Label
PD14.GPIO_Label=MOT_D_HALL3
PD14.Locked=true
PD14.Signal=S_TIM4_CH3
PD2.GPIOParameters=GPIO_Label
PD2.GPIO_Label=TOF_EN_RS
PD2.Locked=true
PD2.Signal=GPIO_Output
PD3.GPIOParameters=GPIO_Label
PD3.GPIO_Label=TOF_EN_RD
PD3.Locked=true
PD3.Signal=GPIO_Output
PD4.GPIOParameters=GPIO_Label
PD4.GPIO_Label=TOF_EN_RF
PD4.Locked=true
PD4.Signal=GPIO_Output
PD5.GPIOParameters=GPIO_Label
PD5.GPIO_Label=TOF_EN_LS
PD5.Locked=true
PD5.Signal=GPIO_Output
PD6.GPIOParameters=GPIO_Label
PD6.GPIO_Label=TOF_EN_LD
PD6.Locked=true
PD6.Signal=GPIO_Output
PD7.GPIOParameters=GPIO_Label
PD7.GPIO_Label=TOF_EN_LF
PD7.Locked=true
PD7.Signal=GPIO_Output
PE10.GPIOParameters=GPIO_Label
PE10.GPIO_Label=MOT_G_EN2
PE10.Locked=true
PE10.Mode=Output Compare2 CH2 CH2N
PE10.Signal=TIM1_CH2N
PE11.GPIOParameters=GPIO_Label
PE11.GPIO_Label=MOT_G_IN2
PE11.Locked=true
PE11.Signal=S_TIM1_CH2
PE12.GPIOParameters=GPIO_Label
PE12.GPIO_Label=MOT_G_EN3
PE12.Locked=true
PE12.Mode=Output Compare3 CH3 CH3N
PE12.Signal=TIM1_CH3N
PE13.GPIOParameters=GPIO_Label
PE13.GPIO_Label=MOT_G_IN3
PE13.Locked=true
PE13.Signal=S_TIM1_CH3
PE5.GPIOParameters=GPIO_Label
PE5.GPIO_Label=LINE_OUT_G1
PE5.Locked=true
PE5.Signal=S_TIM15_CH1
PE6.GPIOParameters=GPIO_Label
PE6.GPIO_Label=LINE_OUT_G2
PE6.Locked=true
PE6.Signal=S_TIM15_CH2
PE8.GPIOParameters=GPIO_Label
PE8.GPIO_Label=MOT_G_EN1
PE8.Locked=true
PE8.Mode=Output Compare1 CH1 CH1N
PE8.Signal=TIM1_CH1N
PE9.GPIOParameters=GPIO_Label
PE9.GPIO_Label=MOT_G_IN1
PE9.Locked=true
PE9.Signal=S_TIM1_CH1
PH0-OSC_IN.Mode=HSE-External-Oscillator
PH0-OSC_IN.Signal=RCC_OSC_IN
PH1-OSC_OUT.Mode=HSE-External-Oscillator
PH1-OSC_OUT.Signal=RCC_OSC_OUT
PinOutPanel.RotationAngle=0
RCC.ADCFreq_Value=129000000
RCC.AHB12Freq_Value=64000000
RCC.AHB4Freq_Value=64000000
RCC.APB1Freq_Value=64000000
RCC.APB2Freq_Value=64000000
RCC.APB3Freq_Value=64000000
RCC.APB4Freq_Value=64000000
RCC.AXIClockFreq_Value=64000000
RCC.CECFreq_Value=32000
RCC.CKPERFreq_Value=64000000
RCC.CortexFreq_Value=64000000
RCC.CpuClockFreq_Value=64000000
RCC.D1CPREFreq_Value=64000000
RCC.DFSDMACLkFreq_Value=129000000
RCC.DFSDMFreq_Value=64000000
RCC.DIVP1Freq_Value=129000000
RCC.DIVP2Freq_Value=129000000
RCC.DIVP3Freq_Value=129000000
RCC.DIVQ1Freq_Value=129000000
RCC.DIVQ2Freq_Value=129000000
RCC.DIVQ3Freq_Value=129000000
RCC.DIVR1Freq_Value=129000000
RCC.DIVR2Freq_Value=129000000
RCC.DIVR3Freq_Value=129000000
RCC.FDCANFreq_Value=129000000
RCC.FMCFreq_Value=64000000
RCC.FamilyName=M
RCC.HCLK3ClockFreq_Value=64000000
RCC.HCLKFreq_Value=64000000
RCC.HRTIMFreq_Value=64000000
RCC.I2C123Freq_Value=64000000
RCC.I2C4Freq_Value=64000000
RCC.IPParameters=ADCFreq_Value,AHB12Freq_Value,AHB4Freq_Value,APB1Freq_Value,APB2Freq_Value,APB3Freq_Value,APB4Freq_Value,AXIClockFreq_Value,CECFreq_Value,CKPERFreq_Value,CortexFreq_Value,CpuClockFreq_Value,D1CPREFreq_Value,DFSDMACLkFreq_Value,DFSDMFreq_Value,DIVP1Freq_Value,DIVP2Freq_Value,DIVP3Freq_Value,DIVQ1Freq_Value,DIVQ2Freq_Value,DIVQ3Freq_Value,DIVR1Freq_Value,DIVR2Freq_Value,DIVR3Freq_Value,FDCANFreq_Value,FMCFreq_Value,FamilyName,HCLK3ClockFreq_Value,HCLKFreq_Value,HRTIMFreq_Value,I2C123Freq_Value,I2C4Freq_Value,LPTIM1Freq_Value,LPTIM2Freq_Value,LPTIM345Freq_Value,LPUART1Freq_Value,LTDCFreq_Value,MCO1PinFreq_Value,MCO2PinFreq_Value,QSPIFreq_Value,RNGFreq_Value,RTCFreq_Value,SAI1Freq_Value,SAI23Freq_Value,SAI4AFreq_Value,SAI4BFreq_Value,SDMMCFreq_Value,SPDIFRXFreq_Value,SPI123Freq_Value,SPI45Freq_Value,SPI6Freq_Value,SWPMI1Freq_Value,SYSCLKFreq_VALUE,Tim1OutputFreq_Value,Tim2OutputFreq_Value,USART16Freq_Value,USART234578Freq_Value,USBFreq_Value,VCO1OutputFreq_Value,VCO2OutputFreq_Value,VCO3OutputFreq_Value,VCOInput1Freq_Value,VCOInput2Freq_Value,VCOInput3Freq_Value
RCC.LPTIM1Freq_Value=64000000
RCC.LPTIM2Freq_Value=64000000
RCC.LPTIM345Freq_Value=64000000
RCC.LPUART1Freq_Value=64000000
RCC.LTDCFreq_Value=129000000
RCC.MCO1PinFreq_Value=64000000
RCC.MCO2PinFreq_Value=64000000
RCC.QSPIFreq_Value=64000000
RCC.RNGFreq_Value=48000000
RCC.RTCFreq_Value=32000
RCC.SAI1Freq_Value=129000000
RCC.SAI23Freq_Value=129000000
RCC.SAI4AFreq_Value=129000000
RCC.SAI4BFreq_Value=129000000
RCC.SDMMCFreq_Value=129000000
RCC.SPDIFRXFreq_Value=129000000
RCC.SPI123Freq_Value=129000000
RCC.SPI45Freq_Value=64000000
RCC.SPI6Freq_Value=64000000
RCC.SWPMI1Freq_Value=64000000
RCC.SYSCLKFreq_VALUE=64000000
RCC.Tim1OutputFreq_Value=64000000
RCC.Tim2OutputFreq_Value=64000000
RCC.USART16Freq_Value=64000000
RCC.USART234578Freq_Value=64000000
RCC.USBFreq_Value=129000000
RCC.VCO1OutputFreq_Value=258000000
RCC.VCO2OutputFreq_Value=258000000
RCC.VCO3OutputFreq_Value=258000000
RCC.VCOInput1Freq_Value=2000000
RCC.VCOInput2Freq_Value=2000000
RCC.VCOInput3Freq_Value=2000000
SH.ADCx_INP10.0=ADC1_INP10,IN10-Single-Ended
SH.ADCx_INP10.ConfNb=1
SH.ADCx_INP11.0=ADC1_INP11,IN11-Single-Ended
SH.ADCx_INP11.ConfNb=1
SH.ADCx_INP18.0=ADC1_INP18,IN18-Single-Ended
SH.ADCx_INP18.ConfNb=1
SH.ADCx_INP19.0=ADC1_INP19,IN19-Single-Ended
SH.ADCx_INP19.ConfNb=1
SH.ADCx_INP8.0=ADC1_INP8,IN8-Single-Ended
SH.ADCx_INP8.ConfNb=1
SH.ADCx_INP9.0=ADC1_INP9,IN9-Single-Ended
SH.ADCx_INP9.ConfNb=1
SH.S_TIM15_CH1.0=TIM15_CH1,Output Compare1 CH1
SH.S_TIM15_CH1.ConfNb=1
SH.S_TIM15_CH2.0=TIM15_CH2,Output Compare2 CH2
SH.S_TIM15_CH2.ConfNb=1
SH.S_TIM1_CH1.0=TIM1_CH1,Output Compare1 CH1 CH1N
SH.S_TIM1_CH1.ConfNb=1
SH.S_TIM1_CH2.0=TIM1_CH2,Output Compare2 CH2 CH2N
SH.S_TIM1_CH2.ConfNb=1
SH.S_TIM1_CH3.0=TIM1_CH3,Output Compare3 CH3 CH3N
SH.S_TIM1_CH3.ConfNb=1
SH.S_TIM2_CH1.0=TIM2_CH1,Xored_Inputs_Hall_Sensor_Interface
SH.S_TIM2_CH1.ConfNb=1
SH.S_TIM2_CH2.0=TIM2_CH2,Xored_Inputs_Hall_Sensor_Interface
SH.S_TIM2_CH2.ConfNb=1
SH.S_TIM2_CH3.0=TIM2_CH3,Xored_Inputs_Hall_Sensor_Interface
SH.S_TIM2_CH3.ConfNb=1
SH.S_TIM3_CH1.0=TIM3_CH1,Output Compare1 CH1
SH.S_TIM3_CH1.ConfNb=1
SH.S_TIM3_CH2.0=TIM3_CH2,Output Compare2 CH2
SH.S_TIM3_CH2.ConfNb=1
SH.S_TIM4_CH1.0=TIM4_CH1,Xored_Inputs_Hall_Sensor_Interface
SH.S_TIM4_CH1.ConfNb=1
SH.S_TIM4_CH2.0=TIM4_CH2,Xored_Inputs_Hall_Sensor_Interface
SH.S_TIM4_CH2.ConfNb=1
SH.S_TIM4_CH3.0=TIM4_CH3,Xored_Inputs_Hall_Sensor_Interface
SH.S_TIM4_CH3.ConfNb=1
SH.S_TIM8_CH1.0=TIM8_CH1,Output Compare1 CH1 CH1N
SH.S_TIM8_CH1.ConfNb=1
SH.S_TIM8_CH2.0=TIM8_CH2,Output Compare2 CH2 CH2N
SH.S_TIM8_CH2.ConfNb=1
SH.S_TIM8_CH3.0=TIM8_CH3,Output Compare3 CH3 CH3N
SH.S_TIM8_CH3.ConfNb=1
SPI3.CalculateBaudRate=64.5 MBits/s
SPI3.Direction=SPI_DIRECTION_2LINES
SPI3.IPParameters=VirtualType,Mode,Direction,CalculateBaudRate,VirtualNSS
SPI3.Mode=SPI_MODE_MASTER
SPI3.VirtualNSS=VM_NSSHARD
SPI3.VirtualType=VM_MASTER
TIM1.Channel-Output\ Compare1\ CH1\ CH1N=TIM_CHANNEL_1
TIM1.Channel-Output\ Compare2\ CH2\ CH2N=TIM_CHANNEL_2
TIM1.Channel-Output\ Compare3\ CH3\ CH3N=TIM_CHANNEL_3
TIM1.IPParameters=Channel-Output Compare1 CH1 CH1N,Channel-Output Compare2 CH2 CH2N,Channel-Output Compare3 CH3 CH3N
TIM15.Channel-Output\ Compare1\ CH1=TIM_CHANNEL_1
TIM15.Channel-Output\ Compare2\ CH2=TIM_CHANNEL_2
TIM15.IPParameters=Channel-Output Compare1 CH1,Channel-Output Compare2 CH2
TIM3.Channel-Output\ Compare1\ CH1=TIM_CHANNEL_1
TIM3.Channel-Output\ Compare2\ CH2=TIM_CHANNEL_2
TIM3.IPParameters=Channel-Output Compare1 CH1,Channel-Output Compare2 CH2
TIM8.Channel-Output\ Compare1\ CH1\ CH1N=TIM_CHANNEL_1
TIM8.Channel-Output\ Compare2\ CH2\ CH2N=TIM_CHANNEL_2
TIM8.Channel-Output\ Compare3\ CH3\ CH3N=TIM_CHANNEL_3
TIM8.IPParameters=Channel-Output Compare1 CH1 CH1N,Channel-Output Compare2 CH2 CH2N,Channel-Output Compare3 CH3 CH3N
USART1.IPParameters=VirtualMode-Asynchronous
USART1.VirtualMode-Asynchronous=VM_ASYNC
VP_SYS_VS_Systick.Mode=SysTick
VP_SYS_VS_Systick.Signal=SYS_VS_Systick
VP_TIM1_VS_ClockSourceITR.Mode=TriggerSource_ITR1
VP_TIM1_VS_ClockSourceITR.Signal=TIM1_VS_ClockSourceITR
VP_TIM1_VS_ControllerModeTrigger.Mode=Trigger Mode
VP_TIM1_VS_ControllerModeTrigger.Signal=TIM1_VS_ControllerModeTrigger
VP_TIM2_VS_ClockSourceINT.Mode=Internal
VP_TIM2_VS_ClockSourceINT.Signal=TIM2_VS_ClockSourceINT
VP_TIM4_VS_ClockSourceINT.Mode=Internal
VP_TIM4_VS_ClockSourceINT.Signal=TIM4_VS_ClockSourceINT
VP_TIM8_VS_ClockSourceITR.Mode=TriggerSource_ITR2
VP_TIM8_VS_ClockSourceITR.Signal=TIM8_VS_ClockSourceITR
VP_TIM8_VS_ControllerModeTrigger.Mode=Trigger Mode
VP_TIM8_VS_ControllerModeTrigger.Signal=TIM8_VS_ControllerModeTrigger
